
Microsoft Visual Studio Solution File, Format Version 12.00
# Visual Studio Version 16
VisualStudioVersion = 16.0.30611.23
MinimumVisualStudioVersion = 10.0.40219.1
Project("{FAE04EC0-301F-11D3-BF4B-00C04F79EFBC}") = "Desktop Application", "Desktop Application\Desktop Application.csproj", "{2A3EF13D-B14A-4D11-918B-463815813419}"
EndProject
Global
	GlobalSection(SolutionConfigurationPlatforms) = preSolution
		Debug|Any CPU = Debug|Any CPU
		Release|Any CPU = Release|Any CPU
	EndGlobalSection
	GlobalSection(ProjectConfigurationPlatforms) = postSolution
		{2A3EF13D-B14A-4D11-918B-463815813419}.Debug|Any CPU.ActiveCfg = Debug|Any CPU
		{2A3EF13D-B14A-4D11-918B-463815813419}.Debug|Any CPU.Build.0 = Debug|Any CPU
		{2A3EF13D-B14A-4D11-918B-463815813419}.Release|Any CPU.ActiveCfg = Release|Any CPU
		{2A3EF13D-B14A-4D11-918B-463815813419}.Release|Any CPU.Build.0 = Release|Any CPU
	EndGlobalSection
	GlobalSection(SolutionProperties) = preSolution
		HideSolutionNode = FALSE
	EndGlobalSection
	GlobalSection(ExtensibilityGlobals) = postSolution
		SolutionGuid = {D44EDBAE-4219-402E-AA02-29E76E6BEA67}
	EndGlobalSection
EndGlobal
